
Microsoft Visual Studio Solution File, Format Version 12.00
# Visual Studio 15
Project("{FAE04EC0-301F-11D3-BF4B-00C04F79EFBC}") = "HotelVision_CoreMvc", "HotelVision_CoreMvc\HotelVision_CoreMvc.csproj", "{273F9D71-97C5-4FA2-960A-0E1A795AFE8F}"
EndProject
Project("{FAE04EC0-301F-11D3-BF4B-00C04F79EFBC}") = "HotelVision_NUnit", "HotelVision_NUnit\HotelVision_NUnit.csproj", "{31D443E8-2CD1-4C3D-92DE-38F725C9C22D}"
EndProject
Project("{FAE04EC0-301F-11D3-BF4B-00C04F79EFBC}") = "HotelVision_Angular", "HotelVision_Angular\HotelVision_Angular.csproj", "{130C88A0-21C6-4221-9022-6D4BEB3EB3B9}"
EndProject
Project("{E53339B2-1760-4266-BCC7-CA923CBCF16C}") = "docker-compose", "docker-compose.dcproj", "{3F24CFE9-263A-4B12-939E-1F3BC0ACA023}"
EndProject
Project("{FAE04EC0-301F-11D3-BF4B-00C04F79EFBC}") = "HotelVision_React_Blog", "HotelVision_React_Blog\HotelVision_React_Blog.csproj", "{B033B092-6DAF-49DF-9562-A860689199C0}"
EndProject
Global
	GlobalSection(SolutionConfigurationPlatforms) = preSolution
		Debug|Any CPU = Debug|Any CPU
		Release|Any CPU = Release|Any CPU
	EndGlobalSection
	GlobalSection(ProjectConfigurationPlatforms) = postSolution
		{273F9D71-97C5-4FA2-960A-0E1A795AFE8F}.Debug|Any CPU.ActiveCfg = Debug|Any CPU
		{273F9D71-97C5-4FA2-960A-0E1A795AFE8F}.Debug|Any CPU.Build.0 = Debug|Any CPU
		{273F9D71-97C5-4FA2-960A-0E1A795AFE8F}.Release|Any CPU.ActiveCfg = Release|Any CPU
		{273F9D71-97C5-4FA2-960A-0E1A795AFE8F}.Release|Any CPU.Build.0 = Release|Any CPU
		{31D443E8-2CD1-4C3D-92DE-38F725C9C22D}.Debug|Any CPU.ActiveCfg = Debug|Any CPU
		{31D443E8-2CD1-4C3D-92DE-38F725C9C22D}.Debug|Any CPU.Build.0 = Debug|Any CPU
		{31D443E8-2CD1-4C3D-92DE-38F725C9C22D}.Release|Any CPU.ActiveCfg = Release|Any CPU
		{31D443E8-2CD1-4C3D-92DE-38F725C9C22D}.Release|Any CPU.Build.0 = Release|Any CPU
		{130C88A0-21C6-4221-9022-6D4BEB3EB3B9}.Debug|Any CPU.ActiveCfg = Debug|Any CPU
		{130C88A0-21C6-4221-9022-6D4BEB3EB3B9}.Debug|Any CPU.Build.0 = Debug|Any CPU
		{130C88A0-21C6-4221-9022-6D4BEB3EB3B9}.Release|Any CPU.ActiveCfg = Release|Any CPU
		{130C88A0-21C6-4221-9022-6D4BEB3EB3B9}.Release|Any CPU.Build.0 = Release|Any CPU
		{3F24CFE9-263A-4B12-939E-1F3BC0ACA023}.Debug|Any CPU.ActiveCfg = Debug|Any CPU
		{3F24CFE9-263A-4B12-939E-1F3BC0ACA023}.Debug|Any CPU.Build.0 = Debug|Any CPU
		{3F24CFE9-263A-4B12-939E-1F3BC0ACA023}.Release|Any CPU.ActiveCfg = Release|Any CPU
		{3F24CFE9-263A-4B12-939E-1F3BC0ACA023}.Release|Any CPU.Build.0 = Release|Any CPU
		{B033B092-6DAF-49DF-9562-A860689199C0}.Debug|Any CPU.ActiveCfg = Debug|Any CPU
		{B033B092-6DAF-49DF-9562-A860689199C0}.Debug|Any CPU.Build.0 = Debug|Any CPU
		{B033B092-6DAF-49DF-9562-A860689199C0}.Release|Any CPU.ActiveCfg = Release|Any CPU
		{B033B092-6DAF-49DF-9562-A860689199C0}.Release|Any CPU.Build.0 = Release|Any CPU
	EndGlobalSection
EndGlobal
