
Microsoft Visual Studio Solution File, Format Version 12.00
# Visual Studio 15
Project("{FAE04EC0-301F-11D3-BF4B-00C04F79EFBC}") = "HotelVision_React_Blog", "HotelVision_React_Blog.csproj", "{0F191F2A-8600-415A-8434-C39F0CD71084}"
EndProject
Global
	GlobalSection(SolutionConfigurationPlatforms) = preSolution
		Debug|Any CPU = Debug|Any CPU
		Release|Any CPU = Release|Any CPU
	EndGlobalSection
	GlobalSection(ProjectConfigurationPlatforms) = postSolution
		{0F191F2A-8600-415A-8434-C39F0CD71084}.Debug|Any CPU.ActiveCfg = Debug|Any CPU
		{0F191F2A-8600-415A-8434-C39F0CD71084}.Debug|Any CPU.Build.0 = Debug|Any CPU
		{0F191F2A-8600-415A-8434-C39F0CD71084}.Release|Any CPU.ActiveCfg = Release|Any CPU
		{0F191F2A-8600-415A-8434-C39F0CD71084}.Release|Any CPU.Build.0 = Release|Any CPU
	EndGlobalSection
EndGlobal
